
Microsoft Visual Studio Solution File, Format Version 12.00
# Visual Studio 15
VisualStudioVersion = 15.0.28010.2041
MinimumVisualStudioVersion = 10.0.40219.1
Project("{FAE04EC0-301F-11D3-BF4B-00C04F79EFBC}") = "CommonPatterns.Tools.Console", "CommonPatterns.Tools.Console\CommonPatterns.Tools.Console.csproj", "{B1EB7E89-5313-4231-982A-BEB9C975E6E7}"
EndProject
Global
	GlobalSection(SolutionConfigurationPlatforms) = preSolution
		Debug|Any CPU = Debug|Any CPU
		Release|Any CPU = Release|Any CPU
	EndGlobalSection
	GlobalSection(ProjectConfigurationPlatforms) = postSolution
		{B1EB7E89-5313-4231-982A-BEB9C975E6E7}.Debug|Any CPU.ActiveCfg = Debug|Any CPU
		{B1EB7E89-5313-4231-982A-BEB9C975E6E7}.Debug|Any CPU.Build.0 = Debug|Any CPU
		{B1EB7E89-5313-4231-982A-BEB9C975E6E7}.Release|Any CPU.ActiveCfg = Release|Any CPU
		{B1EB7E89-5313-4231-982A-BEB9C975E6E7}.Release|Any CPU.Build.0 = Release|Any CPU
	EndGlobalSection
	GlobalSection(SolutionProperties) = preSolution
		HideSolutionNode = FALSE
	EndGlobalSection
	GlobalSection(ExtensibilityGlobals) = postSolution
		SolutionGuid = {D69CB018-A11C-4E99-9EF3-13205D4A298B}
	EndGlobalSection
EndGlobal
